
Microsoft Visual Studio Solution File, Format Version 12.00
# Visual Studio Version 17
VisualStudioVersion = 17.6.33815.320
MinimumVisualStudioVersion = 10.0.40219.1
Project("{FAE04EC0-301F-11D3-BF4B-00C04F79EFBC}") = "Homework1", "Homework1\Homework1.csproj", "{CBAA3F98-5F86-414D-842A-CC93239BD09C}"
EndProject
Global
	GlobalSection(SolutionConfigurationPlatforms) = preSolution
		Debug|Any CPU = Debug|Any CPU
		Release|Any CPU = Release|Any CPU
	EndGlobalSection
	GlobalSection(ProjectConfigurationPlatforms) = postSolution
		{CBAA3F98-5F86-414D-842A-CC93239BD09C}.Debug|Any CPU.ActiveCfg = Debug|Any CPU
		{CBAA3F98-5F86-414D-842A-CC93239BD09C}.Debug|Any CPU.Build.0 = Debug|Any CPU
		{CBAA3F98-5F86-414D-842A-CC93239BD09C}.Release|Any CPU.ActiveCfg = Release|Any CPU
		{CBAA3F98-5F86-414D-842A-CC93239BD09C}.Release|Any CPU.Build.0 = Release|Any CPU
	EndGlobalSection
	GlobalSection(SolutionProperties) = preSolution
		HideSolutionNode = FALSE
	EndGlobalSection
	GlobalSection(ExtensibilityGlobals) = postSolution
		SolutionGuid = {9D693DEE-D2CC-40B2-9889-FC77F48C7ABE}
	EndGlobalSection
EndGlobal
